<?xml version="1.0" encoding="utf-8"?>
<Project ToolsVersion="4.0" xmlns="http://schemas.microsoft.com/developer/msbuild/2003">
  <ItemGroup>
    <Filter Include="Source Files">
      <UniqueIdentifier>{4FC737F1-C7A5-4376-A066-2A32D752A2FF}</UniqueIdentifier>
      <Extensions>cpp;c;cc;cxx;c++;cppm;ixx;def;odl;idl;hpj;bat;asm;asmx</Extensions>
    </Filter>
    <Filter Include="Header Files">
      <UniqueIdentifier>{93995380-89BD-4b04-88EB-625FBE52EBFB}</UniqueIdentifier>
      <Extensions>h;hh;hpp;hxx;h++;hm;inl;inc;ipp;xsd</Extensions>
    </Filter>
    <Filter Include="Resource Files">
      <UniqueIdentifier>{67DA6AB6-F800-4c08-8B7A-83BB121AAD01}</UniqueIdentifier>
      <Extensions>rc;ico;cur;bmp;dlg;rc2;rct;bin;rgs;gif;jpg;jpeg;jpe;resx;tiff;tif;png;wav;mfcribbon-ms</Extensions>
    </Filter>
    <Filter Include="Source Files\Engine">
      <UniqueIdentifier>{8ff70c4b-5475-4022-ad83-7f971db2c760}</UniqueIdentifier>
    </Filter>
    <Filter Include="Source Files\Engine\Scene">
      <UniqueIdentifier>{6704d036-6b31-4733-a69a-0dad8e83cbd0}</UniqueIdentifier>
    </Filter>
    <Filter Include="Source Files\Engine\Object">
      <UniqueIdentifier>{f62745a6-2748-40ca-b403-540f3fbd8d8d}</UniqueIdentifier>
    </Filter>
    <Filter Include="Source Files\Engine\Components">
      <UniqueIdentifier>{93c4723a-67fd-47ea-bb13-1ac9d23343f4}</UniqueIdentifier>
    </Filter>
    <Filter Include="Source Files\Engine\Background">
      <UniqueIdentifier>{77df4ad8-bcdd-4c36-bd25-0302772f50dc}</UniqueIdentifier>
    </Filter>
  </ItemGroup>
  <ItemGroup>
    <ClCompile Include="main.cpp">
      <Filter>Source Files</Filter>
    </ClCompile>
    <ClCompile Include="Engine\Engine.cpp">
      <Filter>Source Files\Engine</Filter>
    </ClCompile>
    <ClCompile Include="Engine\Scene\Scene.cpp">
      <Filter>Source Files\Engine\Scene</Filter>
    </ClCompile>
    <ClCompile Include="Engine\Object\Object.cpp">
      <Filter>Source Files\Engine\Object</Filter>
    </ClCompile>
    <ClCompile Include="Engine\Components\ViewModel.cpp">
      <Filter>Source Files\Engine\Components</Filter>
    </ClCompile>
    <ClCompile Include="Engine\Background\Shaders.cpp">
      <Filter>Source Files\Engine\Background</Filter>
    </ClCompile>
    <ClCompile Include="Engine\Object\Component.cpp">
      <Filter>Source Files\Engine\Object</Filter>
    </ClCompile>
    <ClCompile Include="Engine\Components\Transform.cpp">
      <Filter>Source Files\Engine\Components</Filter>
    </ClCompile>
    <ClCompile Include="Engine\Components\Camera.cpp">
      <Filter>Source Files\Engine\Components</Filter>
    </ClCompile>
  </ItemGroup>
  <ItemGroup>
    <ClInclude Include="Engine\Engine.h">
      <Filter>Source Files\Engine</Filter>
    </ClInclude>
    <ClInclude Include="Engine\Scene\Scene.h">
      <Filter>Source Files\Engine\Scene</Filter>
    </ClInclude>
    <ClInclude Include="Engine\Object\Object.h">
      <Filter>Source Files\Engine\Object</Filter>
    </ClInclude>
    <ClInclude Include="Engine\Object\Component.h">
      <Filter>Source Files\Engine\Object</Filter>
    </ClInclude>
    <ClInclude Include="Engine\Components\ViewModel.h">
      <Filter>Source Files\Engine\Components</Filter>
    </ClInclude>
    <ClInclude Include="Engine\Background\Shaders.h">
      <Filter>Source Files\Engine\Background</Filter>
    </ClInclude>
    <ClInclude Include="Engine\Components\Transform.h">
      <Filter>Source Files\Engine\Components</Filter>
    </ClInclude>
    <ClInclude Include="Engine\Components\Camera.h">
      <Filter>Source Files\Engine\Components</Filter>
    </ClInclude>
  </ItemGroup>
</Project>